
Microsoft Visual Studio Solution File, Format Version 12.00
# Visual Studio Version 17
VisualStudioVersion = 17.10.35122.118
MinimumVisualStudioVersion = 10.0.40219.1
Project("{9A19103F-16F7-4668-BE54-9A1E7A4F7556}") = "Pipelines.Client", "Pipelines.Client\Pipelines.Client.csproj", "{6BDAE64F-806F-4243-A97C-CFBD6E48B9AA}"
EndProject
Project("{9A19103F-16F7-4668-BE54-9A1E7A4F7556}") = "Pipelines.Server", "Pipelines.Server\Pipelines.Server.csproj", "{938BE88F-68DD-49D4-A713-DCE8C3622981}"
EndProject
Project("{2150E333-8FDC-42A3-9474-1A3956D46DE8}") = "NamedPipelines", "NamedPipelines", "{B4241BCE-D675-46DA-8427-F4C7EE9F0403}"
EndProject
Project("{2150E333-8FDC-42A3-9474-1A3956D46DE8}") = "COM", "COM", "{0C985C49-DFB4-4DC1-83AE-1A2EB2AF1A94}"
EndProject
Project("{2150E333-8FDC-42A3-9474-1A3956D46DE8}") = "FileMapping", "FileMapping", "{A9C0D5ED-85E2-4CB0-8831-FC0292019272}"
EndProject
Project("{2150E333-8FDC-42A3-9474-1A3956D46DE8}") = "TCP Socket", "TCP Socket", "{70D8C405-7299-4875-8321-A7D81A5F4821}"
EndProject
Project("{2150E333-8FDC-42A3-9474-1A3956D46DE8}") = "UDP Socket", "UDP Socket", "{E319A784-0010-4985-82F8-555DBC9A0753}"
EndProject
Project("{9A19103F-16F7-4668-BE54-9A1E7A4F7556}") = "COM.Server", "COM.Server\COM.Server.csproj", "{2DD545AA-97BB-4651-AB76-D73E55BEA531}"
EndProject
Project("{9A19103F-16F7-4668-BE54-9A1E7A4F7556}") = "COM.Client", "COM.Client\COM.Client.csproj", "{A9F9E74B-EE25-4F79-BA1A-D819AB66D6F3}"
EndProject
Project("{FAE04EC0-301F-11D3-BF4B-00C04F79EFBC}") = "FileMapping.Server", "FileMapping.Server\FileMapping.Server.csproj", "{2B033087-7320-412A-A4DF-C245E073E8A1}"
EndProject
Project("{FAE04EC0-301F-11D3-BF4B-00C04F79EFBC}") = "FileMapping.Client", "FileMapping.Client\FileMapping.Client.csproj", "{3D230162-BB8A-481F-A80D-9D3327B224F9}"
EndProject
Project("{FAE04EC0-301F-11D3-BF4B-00C04F79EFBC}") = "TCPSocket.Server", "TCPSocket.Server\TCPSocket.Server.csproj", "{043235DA-9E58-4C90-96CD-52719B5AB2BF}"
EndProject
Project("{FAE04EC0-301F-11D3-BF4B-00C04F79EFBC}") = "TCPSocket.Client", "TCPSocket.Client\TCPSocket.Client.csproj", "{042B72D3-1747-4FC9-B1EA-63CA01DA3E17}"
EndProject
Project("{FAE04EC0-301F-11D3-BF4B-00C04F79EFBC}") = "UDPSocket.Server", "UDPSocket.Server\UDPSocket.Server.csproj", "{70B0140D-7AC8-4CC7-9AE0-F0D7AB31E6E6}"
EndProject
Project("{FAE04EC0-301F-11D3-BF4B-00C04F79EFBC}") = "UDPSocket.Client", "UDPSocket.Client\UDPSocket.Client.csproj", "{9E3C2B1E-FED2-47A7-8699-9D45B43B01F2}"
EndProject
Global
	GlobalSection(SolutionConfigurationPlatforms) = preSolution
		Debug|Any CPU = Debug|Any CPU
		Release|Any CPU = Release|Any CPU
	EndGlobalSection
	GlobalSection(ProjectConfigurationPlatforms) = postSolution
		{6BDAE64F-806F-4243-A97C-CFBD6E48B9AA}.Debug|Any CPU.ActiveCfg = Debug|Any CPU
		{6BDAE64F-806F-4243-A97C-CFBD6E48B9AA}.Debug|Any CPU.Build.0 = Debug|Any CPU
		{6BDAE64F-806F-4243-A97C-CFBD6E48B9AA}.Release|Any CPU.ActiveCfg = Release|Any CPU
		{6BDAE64F-806F-4243-A97C-CFBD6E48B9AA}.Release|Any CPU.Build.0 = Release|Any CPU
		{938BE88F-68DD-49D4-A713-DCE8C3622981}.Debug|Any CPU.ActiveCfg = Debug|Any CPU
		{938BE88F-68DD-49D4-A713-DCE8C3622981}.Debug|Any CPU.Build.0 = Debug|Any CPU
		{938BE88F-68DD-49D4-A713-DCE8C3622981}.Release|Any CPU.ActiveCfg = Release|Any CPU
		{938BE88F-68DD-49D4-A713-DCE8C3622981}.Release|Any CPU.Build.0 = Release|Any CPU
		{2DD545AA-97BB-4651-AB76-D73E55BEA531}.Debug|Any CPU.ActiveCfg = Debug|Any CPU
		{2DD545AA-97BB-4651-AB76-D73E55BEA531}.Debug|Any CPU.Build.0 = Debug|Any CPU
		{2DD545AA-97BB-4651-AB76-D73E55BEA531}.Release|Any CPU.ActiveCfg = Release|Any CPU
		{2DD545AA-97BB-4651-AB76-D73E55BEA531}.Release|Any CPU.Build.0 = Release|Any CPU
		{A9F9E74B-EE25-4F79-BA1A-D819AB66D6F3}.Debug|Any CPU.ActiveCfg = Debug|Any CPU
		{A9F9E74B-EE25-4F79-BA1A-D819AB66D6F3}.Debug|Any CPU.Build.0 = Debug|Any CPU
		{A9F9E74B-EE25-4F79-BA1A-D819AB66D6F3}.Release|Any CPU.ActiveCfg = Release|Any CPU
		{A9F9E74B-EE25-4F79-BA1A-D819AB66D6F3}.Release|Any CPU.Build.0 = Release|Any CPU
		{2B033087-7320-412A-A4DF-C245E073E8A1}.Debug|Any CPU.ActiveCfg = Debug|Any CPU
		{2B033087-7320-412A-A4DF-C245E073E8A1}.Debug|Any CPU.Build.0 = Debug|Any CPU
		{2B033087-7320-412A-A4DF-C245E073E8A1}.Release|Any CPU.ActiveCfg = Release|Any CPU
		{2B033087-7320-412A-A4DF-C245E073E8A1}.Release|Any CPU.Build.0 = Release|Any CPU
		{3D230162-BB8A-481F-A80D-9D3327B224F9}.Debug|Any CPU.ActiveCfg = Debug|Any CPU
		{3D230162-BB8A-481F-A80D-9D3327B224F9}.Debug|Any CPU.Build.0 = Debug|Any CPU
		{3D230162-BB8A-481F-A80D-9D3327B224F9}.Release|Any CPU.ActiveCfg = Release|Any CPU
		{3D230162-BB8A-481F-A80D-9D3327B224F9}.Release|Any CPU.Build.0 = Release|Any CPU
		{043235DA-9E58-4C90-96CD-52719B5AB2BF}.Debug|Any CPU.ActiveCfg = Debug|Any CPU
		{043235DA-9E58-4C90-96CD-52719B5AB2BF}.Debug|Any CPU.Build.0 = Debug|Any CPU
		{043235DA-9E58-4C90-96CD-52719B5AB2BF}.Release|Any CPU.ActiveCfg = Release|Any CPU
		{043235DA-9E58-4C90-96CD-52719B5AB2BF}.Release|Any CPU.Build.0 = Release|Any CPU
		{042B72D3-1747-4FC9-B1EA-63CA01DA3E17}.Debug|Any CPU.ActiveCfg = Debug|Any CPU
		{042B72D3-1747-4FC9-B1EA-63CA01DA3E17}.Debug|Any CPU.Build.0 = Debug|Any CPU
		{042B72D3-1747-4FC9-B1EA-63CA01DA3E17}.Release|Any CPU.ActiveCfg = Release|Any CPU
		{042B72D3-1747-4FC9-B1EA-63CA01DA3E17}.Release|Any CPU.Build.0 = Release|Any CPU
		{70B0140D-7AC8-4CC7-9AE0-F0D7AB31E6E6}.Debug|Any CPU.ActiveCfg = Debug|Any CPU
		{70B0140D-7AC8-4CC7-9AE0-F0D7AB31E6E6}.Debug|Any CPU.Build.0 = Debug|Any CPU
		{70B0140D-7AC8-4CC7-9AE0-F0D7AB31E6E6}.Release|Any CPU.ActiveCfg = Release|Any CPU
		{70B0140D-7AC8-4CC7-9AE0-F0D7AB31E6E6}.Release|Any CPU.Build.0 = Release|Any CPU
		{9E3C2B1E-FED2-47A7-8699-9D45B43B01F2}.Debug|Any CPU.ActiveCfg = Debug|Any CPU
		{9E3C2B1E-FED2-47A7-8699-9D45B43B01F2}.Debug|Any CPU.Build.0 = Debug|Any CPU
		{9E3C2B1E-FED2-47A7-8699-9D45B43B01F2}.Release|Any CPU.ActiveCfg = Release|Any CPU
		{9E3C2B1E-FED2-47A7-8699-9D45B43B01F2}.Release|Any CPU.Build.0 = Release|Any CPU
	EndGlobalSection
	GlobalSection(SolutionProperties) = preSolution
		HideSolutionNode = FALSE
	EndGlobalSection
	GlobalSection(NestedProjects) = preSolution
		{6BDAE64F-806F-4243-A97C-CFBD6E48B9AA} = {B4241BCE-D675-46DA-8427-F4C7EE9F0403}
		{938BE88F-68DD-49D4-A713-DCE8C3622981} = {B4241BCE-D675-46DA-8427-F4C7EE9F0403}
		{2DD545AA-97BB-4651-AB76-D73E55BEA531} = {0C985C49-DFB4-4DC1-83AE-1A2EB2AF1A94}
		{A9F9E74B-EE25-4F79-BA1A-D819AB66D6F3} = {0C985C49-DFB4-4DC1-83AE-1A2EB2AF1A94}
		{2B033087-7320-412A-A4DF-C245E073E8A1} = {A9C0D5ED-85E2-4CB0-8831-FC0292019272}
		{3D230162-BB8A-481F-A80D-9D3327B224F9} = {A9C0D5ED-85E2-4CB0-8831-FC0292019272}
		{043235DA-9E58-4C90-96CD-52719B5AB2BF} = {70D8C405-7299-4875-8321-A7D81A5F4821}
		{042B72D3-1747-4FC9-B1EA-63CA01DA3E17} = {70D8C405-7299-4875-8321-A7D81A5F4821}
		{70B0140D-7AC8-4CC7-9AE0-F0D7AB31E6E6} = {E319A784-0010-4985-82F8-555DBC9A0753}
		{9E3C2B1E-FED2-47A7-8699-9D45B43B01F2} = {E319A784-0010-4985-82F8-555DBC9A0753}
	EndGlobalSection
	GlobalSection(ExtensibilityGlobals) = postSolution
		SolutionGuid = {C0AEF6F0-6FED-48F1-80C6-4C0CD460EA59}
	EndGlobalSection
EndGlobal
